// !$*UTF8*$!
{
	archiveVersion = 1;
	classes = {
	};
	objectVersion = 55;
	objects = {

/* Begin PBXBuildFile section */
		2D885BAD28F84E400003A7C0 /* AppDelegate.swift in Sources */ = {isa = PBXBuildFile; fileRef = 2D885BAC28F84E400003A7C0 /* AppDelegate.swift */; };
		2D885BAF28F84E400003A7C0 /* SceneDelegate.swift in Sources */ = {isa = PBXBuildFile; fileRef = 2D885BAE28F84E400003A7C0 /* SceneDelegate.swift */; };
		2D885BB128F84E400003A7C0 /* ContactListTableViewController.swift in Sources */ = {isa = PBXBuildFile; fileRef = 2D885BB028F84E400003A7C0 /* ContactListTableViewController.swift */; };
		2D885BB428F84E400003A7C0 /* Main.storyboard in Resources */ = {isa = PBXBuildFile; fileRef = 2D885BB228F84E400003A7C0 /* Main.storyboard */; };
		2D885BB628F84E420003A7C0 /* Assets.xcassets in Resources */ = {isa = PBXBuildFile; fileRef = 2D885BB528F84E420003A7C0 /* Assets.xcassets */; };
		2D885BB928F84E420003A7C0 /* LaunchScreen.storyboard in Resources */ = {isa = PBXBuildFile; fileRef = 2D885BB728F84E420003A7C0 /* LaunchScreen.storyboard */; };
		2D885BC128F850300003A7C0 /* AddContactViewController.swift in Sources */ = {isa = PBXBuildFile; fileRef = 2D885BC028F850300003A7C0 /* AddContactViewController.swift */; };
		2D885BC628F85C850003A7C0 /* Contact.swift in Sources */ = {isa = PBXBuildFile; fileRef = 2D885BC528F85C850003A7C0 /* Contact.swift */; };
		2D885BCB28F882CE0003A7C0 /* StorageManager.swift in Sources */ = {isa = PBXBuildFile; fileRef = 2D885BCA28F882CE0003A7C0 /* StorageManager.swift */; };
/* End PBXBuildFile section */

/* Begin PBXFileReference section */
		2D885BA928F84E400003A7C0 /* SB-HW-2.12-UserDefaults-Plist.app */ = {isa = PBXFileReference; explicitFileType = wrapper.application; includeInIndex = 0; path = "SB-HW-2.12-UserDefaults-Plist.app"; sourceTree = BUILT_PRODUCTS_DIR; };
		2D885BAC28F84E400003A7C0 /* AppDelegate.swift */ = {isa = PBXFileReference; lastKnownFileType = sourcecode.swift; path = AppDelegate.swift; sourceTree = "<group>"; };
		2D885BAE28F84E400003A7C0 /* SceneDelegate.swift */ = {isa = PBXFileReference; lastKnownFileType = sourcecode.swift; path = SceneDelegate.swift; sourceTree = "<group>"; };
		2D885BB028F84E400003A7C0 /* ContactListTableViewController.swift */ = {isa = PBXFileReference; lastKnownFileType = sourcecode.swift; path = ContactListTableViewController.swift; sourceTree = "<group>"; };
		2D885BB328F84E400003A7C0 /* Base */ = {isa = PBXFileReference; lastKnownFileType = file.storyboard; name = Base; path = Base.lproj/Main.storyboard; sourceTree = "<group>"; };
		2D885BB528F84E420003A7C0 /* Assets.xcassets */ = {isa = PBXFileReference; lastKnownFileType = folder.assetcatalog; path = Assets.xcassets; sourceTree = "<group>"; };
		2D885BB828F84E420003A7C0 /* Base */ = {isa = PBXFileReference; lastKnownFileType = file.storyboard; name = Base; path = Base.lproj/LaunchScreen.storyboard; sourceTree = "<group>"; };
		2D885BBA28F84E420003A7C0 /* Info.plist */ = {isa = PBXFileReference; lastKnownFileType = text.plist.xml; path = Info.plist; sourceTree = "<group>"; };
		2D885BC028F850300003A7C0 /* AddContactViewController.swift */ = {isa = PBXFileReference; lastKnownFileType = sourcecode.swift; path = AddContactViewController.swift; sourceTree = "<group>"; };
		2D885BC528F85C850003A7C0 /* Contact.swift */ = {isa = PBXFileReference; lastKnownFileType = sourcecode.swift; path = Contact.swift; sourceTree = "<group>"; };
		2D885BCA28F882CE0003A7C0 /* StorageManager.swift */ = {isa = PBXFileReference; lastKnownFileType = sourcecode.swift; path = StorageManager.swift; sourceTree = "<group>"; };
/* End PBXFileReference section */

/* Begin PBXFrameworksBuildPhase section */
		2D885BA628F84E400003A7C0 /* Frameworks */ = {
			isa = PBXFrameworksBuildPhase;
			buildActionMask = 2147483647;
			files = (
			);
			runOnlyForDeploymentPostprocessing = 0;
		};
/* End PBXFrameworksBuildPhase section */

/* Begin PBXGroup section */
		2D885BA028F84E400003A7C0 = {
			isa = PBXGroup;
			children = (
				2D885BAB28F84E400003A7C0 /* SB-HW-2.12-UserDefaults-Plist */,
				2D885BAA28F84E400003A7C0 /* Products */,
			);
			sourceTree = "<group>";
		};
		2D885BAA28F84E400003A7C0 /* Products */ = {
			isa = PBXGroup;
			children = (
				2D885BA928F84E400003A7C0 /* SB-HW-2.12-UserDefaults-Plist.app */,
			);
			name = Products;
			sourceTree = "<group>";
		};
		2D885BAB28F84E400003A7C0 /* SB-HW-2.12-UserDefaults-Plist */ = {
			isa = PBXGroup;
			children = (
				2D885BC928F882AA0003A7C0 /* Services */,
				2D885BC428F85C670003A7C0 /* Models */,
				2D885BAC28F84E400003A7C0 /* AppDelegate.swift */,
				2D885BAE28F84E400003A7C0 /* SceneDelegate.swift */,
				2D885BC328F8558E0003A7C0 /* ViewControllers */,
				2D885BC728F882210003A7C0 /* App */,
				2D885BC828F8828B0003A7C0 /* Resources */,
			);
			path = "SB-HW-2.12-UserDefaults-Plist";
			sourceTree = "<group>";
		};
		2D885BC328F8558E0003A7C0 /* ViewControllers */ = {
			isa = PBXGroup;
			children = (
				2D885BB028F84E400003A7C0 /* ContactListTableViewController.swift */,
				2D885BC028F850300003A7C0 /* AddContactViewController.swift */,
			);
			path = ViewControllers;
			sourceTree = "<group>";
		};
		2D885BC428F85C670003A7C0 /* Models */ = {
			isa = PBXGroup;
			children = (
				2D885BC528F85C850003A7C0 /* Contact.swift */,
			);
			path = Models;
			sourceTree = "<group>";
		};
		2D885BC728F882210003A7C0 /* App */ = {
			isa = PBXGroup;
			children = (
				2D885BB228F84E400003A7C0 /* Main.storyboard */,
				2D885BB728F84E420003A7C0 /* LaunchScreen.storyboard */,
				2D885BBA28F84E420003A7C0 /* Info.plist */,
			);
			path = App;
			sourceTree = "<group>";
		};
		2D885BC828F8828B0003A7C0 /* Resources */ = {
			isa = PBXGroup;
			children = (
				2D885BB528F84E420003A7C0 /* Assets.xcassets */,
			);
			path = Resources;
			sourceTree = "<group>";
		};
		2D885BC928F882AA0003A7C0 /* Services */ = {
			isa = PBXGroup;
			children = (
				2D885BCA28F882CE0003A7C0 /* StorageManager.swift */,
			);
			path = Services;
			sourceTree = "<group>";
		};
/* End PBXGroup section */

/* Begin PBXNativeTarget section */
		2D885BA828F84E400003A7C0 /* SB-HW-2.12-UserDefaults-Plist */ = {
			isa = PBXNativeTarget;
			buildConfigurationList = 2D885BBD28F84E420003A7C0 /* Build configuration list for PBXNativeTarget "SB-HW-2.12-UserDefaults-Plist" */;
			buildPhases = (
				2D885BA528F84E400003A7C0 /* Sources */,
				2D885BA628F84E400003A7C0 /* Frameworks */,
				2D885BA728F84E400003A7C0 /* Resources */,
			);
			buildRules = (
			);
			dependencies = (
			);
			name = "SB-HW-2.12-UserDefaults-Plist";
			productName = "SB-HW-2.12-UserDefaults-Plist";
			productReference = 2D885BA928F84E400003A7C0 /* SB-HW-2.12-UserDefaults-Plist.app */;
			productType = "com.apple.product-type.application";
		};
/* End PBXNativeTarget section */

/* Begin PBXProject section */
		2D885BA128F84E400003A7C0 /* Project object */ = {
			isa = PBXProject;
			attributes = {
				BuildIndependentTargetsInParallel = 1;
				LastSwiftUpdateCheck = 1340;
				LastUpgradeCheck = 1340;
				TargetAttributes = {
					2D885BA828F84E400003A7C0 = {
						CreatedOnToolsVersion = 13.4.1;
					};
				};
			};
			buildConfigurationList = 2D885BA428F84E400003A7C0 /* Build configuration list for PBXProject "SB-HW-2.12-UserDefaults-Plist" */;
			compatibilityVersion = "Xcode 13.0";
			developmentRegion = en;
			hasScannedForEncodings = 0;
			knownRegions = (
				en,
				Base,
			);
			mainGroup = 2D885BA028F84E400003A7C0;
			productRefGroup = 2D885BAA28F84E400003A7C0 /* Products */;
			projectDirPath = "";
			projectRoot = "";
			targets = (
				2D885BA828F84E400003A7C0 /* SB-HW-2.12-UserDefaults-Plist */,
			);
		};
/* End PBXProject section */

/* Begin PBXResourcesBuildPhase section */
		2D885BA728F84E400003A7C0 /* Resources */ = {
			isa = PBXResourcesBuildPhase;
			buildActionMask = 2147483647;
			files = (
				2D885BB928F84E420003A7C0 /* LaunchScreen.storyboard in Resources */,
				2D885BB628F84E420003A7C0 /* Assets.xcassets in Resources */,
				2D885BB428F84E400003A7C0 /* Main.storyboard in Resources */,
			);
			runOnlyForDeploymentPostprocessing = 0;
		};
/* End PBXResourcesBuildPhase section */

/* Begin PBXSourcesBuildPhase section */
		2D885BA528F84E400003A7C0 /* Sources */ = {
			isa = PBXSourcesBuildPhase;
			buildActionMask = 2147483647;
			files = (
				2D885BB128F84E400003A7C0 /* ContactListTableViewController.swift in Sources */,
				2D885BAD28F84E400003A7C0 /* AppDelegate.swift in Sources */,
				2D885BC628F85C850003A7C0 /* Contact.swift in Sources */,
				2D885BCB28F882CE0003A7C0 /* StorageManager.swift in Sources */,
				2D885BC128F850300003A7C0 /* AddContactViewController.swift in Sources */,
				2D885BAF28F84E400003A7C0 /* SceneDelegate.swift in Sources */,
			);
			runOnlyForDeploymentPostprocessing = 0;
		};
/* End PBXSourcesBuildPhase section */

/* Begin PBXVariantGroup section */
		2D885BB228F84E400003A7C0 /* Main.storyboard */ = {
			isa = PBXVariantGroup;
			children = (
				2D885BB328F84E400003A7C0 /* Base */,
			);
			name = Main.storyboard;
			sourceTree = "<group>";
		};
		2D885BB728F84E420003A7C0 /* LaunchScreen.storyboard */ = {
			isa = PBXVariantGroup;
			children = (
				2D885BB828F84E420003A7C0 /* Base */,
			);
			name = LaunchScreen.storyboard;
			sourceTree = "<group>";
		};
/* End PBXVariantGroup section */

/* Begin XCBuildConfiguration section */
		2D885BBB28F84E420003A7C0 /* Debug */ = {
			isa = XCBuildConfiguration;
			buildSettings = {
				ALWAYS_SEARCH_USER_PATHS = NO;
				CLANG_ANALYZER_NONNULL = YES;
				CLANG_ANALYZER_NUMBER_OBJECT_CONVERSION = YES_AGGRESSIVE;
				CLANG_CXX_LANGUAGE_STANDARD = "gnu++17";
				CLANG_ENABLE_MODULES = YES;
				CLANG_ENABLE_OBJC_ARC = YES;
				CLANG_ENABLE_OBJC_WEAK = YES;
				CLANG_WARN_BLOCK_CAPTURE_AUTORELEASING = YES;
				CLANG_WARN_BOOL_CONVERSION = YES;
				CLANG_WARN_COMMA = YES;
				CLANG_WARN_CONSTANT_CONVERSION = YES;
				CLANG_WARN_DEPRECATED_OBJC_IMPLEMENTATIONS = YES;
				CLANG_WARN_DIRECT_OBJC_ISA_USAGE = YES_ERROR;
				CLANG_WARN_DOCUMENTATION_COMMENTS = YES;
				CLANG_WARN_EMPTY_BODY = YES;
				CLANG_WARN_ENUM_CONVERSION = YES;
				CLANG_WARN_INFINITE_RECURSION = YES;
				CLANG_WARN_INT_CONVERSION = YES;
				CLANG_WARN_NON_LITERAL_NULL_CONVERSION = YES;
				CLANG_WARN_OBJC_IMPLICIT_RETAIN_SELF = YES;
				CLANG_WARN_OBJC_LITERAL_CONVERSION = YES;
				CLANG_WARN_OBJC_ROOT_CLASS = YES_ERROR;
				CLANG_WARN_QUOTED_INCLUDE_IN_FRAMEWORK_HEADER = YES;
				CLANG_WARN_RANGE_LOOP_ANALYSIS = YES;
				CLANG_WARN_STRICT_PROTOTYPES = YES;
				CLANG_WARN_SUSPICIOUS_MOVE = YES;
				CLANG_WARN_UNGUARDED_AVAILABILITY = YES_AGGRESSIVE;
				CLANG_WARN_UNREACHABLE_CODE = YES;
				CLANG_WARN__DUPLICATE_METHOD_MATCH = YES;
				COPY_PHASE_STRIP = NO;
				DEBUG_INFORMATION_FORMAT = dwarf;
				ENABLE_STRICT_OBJC_MSGSEND = YES;
				ENABLE_TESTABILITY = YES;
				GCC_C_LANGUAGE_STANDARD = gnu11;
				GCC_DYNAMIC_NO_PIC = NO;
				GCC_NO_COMMON_BLOCKS = YES;
				GCC_OPTIMIZATION_LEVEL = 0;
				GCC_PREPROCESSOR_DEFINITIONS = (
					"DEBUG=1",
					"$(inherited)",
				);
				GCC_WARN_64_TO_32_BIT_CONVERSION = YES;
				GCC_WARN_ABOUT_RETURN_TYPE = YES_ERROR;
				GCC_WARN_UNDECLARED_SELECTOR = YES;
				GCC_WARN_UNINITIALIZED_AUTOS = YES_AGGRESSIVE;
				GCC_WARN_UNUSED_FUNCTION = YES;
				GCC_WARN_UNUSED_VARIABLE = YES;
				IPHONEOS_DEPLOYMENT_TARGET = 15.5;
				MTL_ENABLE_DEBUG_INFO = INCLUDE_SOURCE;
				MTL_FAST_MATH = YES;
				ONLY_ACTIVE_ARCH = YES;
				SDKROOT = iphoneos;
				SWIFT_ACTIVE_COMPILATION_CONDITIONS = DEBUG;
				SWIFT_OPTIMIZATION_LEVEL = "-Onone";
			};
			name = Debug;
		};
		2D885BBC28F84E420003A7C0 /* Release */ = {
			isa = XCBuildConfiguration;
			buildSettings = {
				ALWAYS_SEARCH_USER_PATHS = NO;
				CLANG_ANALYZER_NONNULL = YES;
				CLANG_ANALYZER_NUMBER_OBJECT_CONVERSION = YES_AGGRESSIVE;
				CLANG_CXX_LANGUAGE_STANDARD = "gnu++17";
				CLANG_ENABLE_MODULES = YES;
				CLANG_ENABLE_OBJC_ARC = YES;
				CLANG_ENABLE_OBJC_WEAK = YES;
				CLANG_WARN_BLOCK_CAPTURE_AUTORELEASING = YES;
				CLANG_WARN_BOOL_CONVERSION = YES;
				CLANG_WARN_COMMA = YES;
				CLANG_WARN_CONSTANT_CONVERSION = YES;
				CLANG_WARN_DEPRECATED_OBJC_IMPLEMENTATIONS = YES;
				CLANG_WARN_DIRECT_OBJC_ISA_USAGE = YES_ERROR;
				CLANG_WARN_DOCUMENTATION_COMMENTS = YES;
				CLANG_WARN_EMPTY_BODY = YES;
				CLANG_WARN_ENUM_CONVERSION = YES;
				CLANG_WARN_INFINITE_RECURSION = YES;
				CLANG_WARN_INT_CONVERSION = YES;
				CLANG_WARN_NON_LITERAL_NULL_CONVERSION = YES;
				CLANG_WARN_OBJC_IMPLICIT_RETAIN_SELF = YES;
				CLANG_WARN_OBJC_LITERAL_CONVERSION = YES;
				CLANG_WARN_OBJC_ROOT_CLASS = YES_ERROR;
				CLANG_WARN_QUOTED_INCLUDE_IN_FRAMEWORK_HEADER = YES;
				CLANG_WARN_RANGE_LOOP_ANALYSIS = YES;
				CLANG_WARN_STRICT_PROTOTYPES = YES;
				CLANG_WARN_SUSPICIOUS_MOVE = YES;
				CLANG_WARN_UNGUARDED_AVAILABILITY = YES_AGGRESSIVE;
				CLANG_WARN_UNREACHABLE_CODE = YES;
				CLANG_WARN__DUPLICATE_METHOD_MATCH = YES;
				COPY_PHASE_STRIP = NO;
				DEBUG_INFORMATION_FORMAT = "dwarf-with-dsym";
				ENABLE_NS_ASSERTIONS = NO;
				ENABLE_STRICT_OBJC_MSGSEND = YES;
				GCC_C_LANGUAGE_STANDARD = gnu11;
				GCC_NO_COMMON_BLOCKS = YES;
				GCC_WARN_64_TO_32_BIT_CONVERSION = YES;
				GCC_WARN_ABOUT_RETURN_TYPE = YES_ERROR;
				GCC_WARN_UNDECLARED_SELECTOR = YES;
				GCC_WARN_UNINITIALIZED_AUTOS = YES_AGGRESSIVE;
				GCC_WARN_UNUSED_FUNCTION = YES;
				GCC_WARN_UNUSED_VARIABLE = YES;
				IPHONEOS_DEPLOYMENT_TARGET = 15.5;
				MTL_ENABLE_DEBUG_INFO = NO;
				MTL_FAST_MATH = YES;
				SDKROOT = iphoneos;
				SWIFT_COMPILATION_MODE = wholemodule;
				SWIFT_OPTIMIZATION_LEVEL = "-O";
				VALIDATE_PRODUCT = YES;
			};
			name = Release;
		};
		2D885BBE28F84E420003A7C0 /* Debug */ = {
			isa = XCBuildConfiguration;
			buildSettings = {
				ASSETCATALOG_COMPILER_APPICON_NAME = AppIcon;
				ASSETCATALOG_COMPILER_GLOBAL_ACCENT_COLOR_NAME = AccentColor;
				CODE_SIGN_STYLE = Automatic;
				CURRENT_PROJECT_VERSION = 1;
				DEVELOPMENT_TEAM = 46YHF3B432;
				GENERATE_INFOPLIST_FILE = YES;
				INFOPLIST_FILE = "SB-HW-2.12-UserDefaults-Plist/App/Info.plist";
				INFOPLIST_KEY_UIApplicationSupportsIndirectInputEvents = YES;
				INFOPLIST_KEY_UILaunchStoryboardName = LaunchScreen;
				INFOPLIST_KEY_UIMainStoryboardFile = Main;
				INFOPLIST_KEY_UISupportedInterfaceOrientations_iPad = "UIInterfaceOrientationPortrait UIInterfaceOrientationPortraitUpsideDown UIInterfaceOrientationLandscapeLeft UIInterfaceOrientationLandscapeRight";
				INFOPLIST_KEY_UISupportedInterfaceOrientations_iPhone = "UIInterfaceOrientationPortrait UIInterfaceOrientationLandscapeLeft UIInterfaceOrientationLandscapeRight";
				LD_RUNPATH_SEARCH_PATHS = (
					"$(inherited)",
					"@executable_path/Frameworks",
				);
				MARKETING_VERSION = 1.0;
				PRODUCT_BUNDLE_IDENTIFIER = "LLM.SB-HW-2-12-UserDefaults-Plist";
				PRODUCT_NAME = "$(TARGET_NAME)";
				SWIFT_EMIT_LOC_STRINGS = YES;
				SWIFT_VERSION = 5.0;
				TARGETED_DEVICE_FAMILY = "1,2";
			};
			name = Debug;
		};
		2D885BBF28F84E420003A7C0 /* Release */ = {
			isa = XCBuildConfiguration;
			buildSettings = {
				ASSETCATALOG_COMPILER_APPICON_NAME = AppIcon;
				ASSETCATALOG_COMPILER_GLOBAL_ACCENT_COLOR_NAME = AccentColor;
				CODE_SIGN_STYLE = Automatic;
				CURRENT_PROJECT_VERSION = 1;
				DEVELOPMENT_TEAM = 46YHF3B432;
				GENERATE_INFOPLIST_FILE = YES;
				INFOPLIST_FILE = "SB-HW-2.12-UserDefaults-Plist/App/Info.plist";
				INFOPLIST_KEY_UIApplicationSupportsIndirectInputEvents = YES;
				INFOPLIST_KEY_UILaunchStoryboardName = LaunchScreen;
				INFOPLIST_KEY_UIMainStoryboardFile = Main;
				INFOPLIST_KEY_UISupportedInterfaceOrientations_iPad = "UIInterfaceOrientationPortrait UIInterfaceOrientationPortraitUpsideDown UIInterfaceOrientationLandscapeLeft UIInterfaceOrientationLandscapeRight";
				INFOPLIST_KEY_UISupportedInterfaceOrientations_iPhone = "UIInterfaceOrientationPortrait UIInterfaceOrientationLandscapeLeft UIInterfaceOrientationLandscapeRight";
				LD_RUNPATH_SEARCH_PATHS = (
					"$(inherited)",
					"@executable_path/Frameworks",
				);
				MARKETING_VERSION = 1.0;
				PRODUCT_BUNDLE_IDENTIFIER = "LLM.SB-HW-2-12-UserDefaults-Plist";
				PRODUCT_NAME = "$(TARGET_NAME)";
				SWIFT_EMIT_LOC_STRINGS = YES;
				SWIFT_VERSION = 5.0;
				TARGETED_DEVICE_FAMILY = "1,2";
			};
			name = Release;
		};
/* End XCBuildConfiguration section */

/* Begin XCConfigurationList section */
		2D885BA428F84E400003A7C0 /* Build configuration list for PBXProject "SB-HW-2.12-UserDefaults-Plist" */ = {
			isa = XCConfigurationList;
			buildConfigurations = (
				2D885BBB28F84E420003A7C0 /* Debug */,
				2D885BBC28F84E420003A7C0 /* Release */,
			);
			defaultConfigurationIsVisible = 0;
			defaultConfigurationName = Release;
		};
		2D885BBD28F84E420003A7C0 /* Build configuration list for PBXNativeTarget "SB-HW-2.12-UserDefaults-Plist" */ = {
			isa = XCConfigurationList;
			buildConfigurations = (
				2D885BBE28F84E420003A7C0 /* Debug */,
				2D885BBF28F84E420003A7C0 /* Release */,
			);
			defaultConfigurationIsVisible = 0;
			defaultConfigurationName = Release;
		};
/* End XCConfigurationList section */
	};
	rootObject = 2D885BA128F84E400003A7C0 /* Project object */;
}
